
Microsoft Visual Studio Solution File, Format Version 12.00
# Visual Studio Version 16
VisualStudioVersion = 16.0.29025.244
MinimumVisualStudioVersion = 10.0.40219.1
Project("{FAE04EC0-301F-11D3-BF4B-00C04F79EFBC}") = "AcuCafe.Model", "AcuCafe.Model\AcuCafe.Model.csproj", "{B68932E1-ECC5-49F8-A455-CCA5B9270031}"
EndProject
Project("{FAE04EC0-301F-11D3-BF4B-00C04F79EFBC}") = "AcuCafe.Service", "AcuCafe.Service\AcuCafe.Service.csproj", "{1871E40C-7FC7-424A-8753-73647416DC0B}"
EndProject
Project("{FAE04EC0-301F-11D3-BF4B-00C04F79EFBC}") = "AcuCafe.Repository", "AcuCafe.Repository\AcuCafe.Repository.csproj", "{BB345612-B6C0-46FD-8391-1BD18BA099AF}"
EndProject
Project("{FAE04EC0-301F-11D3-BF4B-00C04F79EFBC}") = "AcuCafe.UnitTests", "AcuCafe.UnitTests\AcuCafe.UnitTests.csproj", "{BE3E952A-EE7D-434F-93D0-D4C09C420F7E}"
EndProject
Global
	GlobalSection(SolutionConfigurationPlatforms) = preSolution
		Debug|Any CPU = Debug|Any CPU
		Release|Any CPU = Release|Any CPU
	EndGlobalSection
	GlobalSection(ProjectConfigurationPlatforms) = postSolution
		{B68932E1-ECC5-49F8-A455-CCA5B9270031}.Debug|Any CPU.ActiveCfg = Debug|Any CPU
		{B68932E1-ECC5-49F8-A455-CCA5B9270031}.Debug|Any CPU.Build.0 = Debug|Any CPU
		{B68932E1-ECC5-49F8-A455-CCA5B9270031}.Release|Any CPU.ActiveCfg = Release|Any CPU
		{B68932E1-ECC5-49F8-A455-CCA5B9270031}.Release|Any CPU.Build.0 = Release|Any CPU
		{1871E40C-7FC7-424A-8753-73647416DC0B}.Debug|Any CPU.ActiveCfg = Debug|Any CPU
		{1871E40C-7FC7-424A-8753-73647416DC0B}.Debug|Any CPU.Build.0 = Debug|Any CPU
		{1871E40C-7FC7-424A-8753-73647416DC0B}.Release|Any CPU.ActiveCfg = Release|Any CPU
		{1871E40C-7FC7-424A-8753-73647416DC0B}.Release|Any CPU.Build.0 = Release|Any CPU
		{BB345612-B6C0-46FD-8391-1BD18BA099AF}.Debug|Any CPU.ActiveCfg = Debug|Any CPU
		{BB345612-B6C0-46FD-8391-1BD18BA099AF}.Debug|Any CPU.Build.0 = Debug|Any CPU
		{BB345612-B6C0-46FD-8391-1BD18BA099AF}.Release|Any CPU.ActiveCfg = Release|Any CPU
		{BB345612-B6C0-46FD-8391-1BD18BA099AF}.Release|Any CPU.Build.0 = Release|Any CPU
		{BE3E952A-EE7D-434F-93D0-D4C09C420F7E}.Debug|Any CPU.ActiveCfg = Debug|Any CPU
		{BE3E952A-EE7D-434F-93D0-D4C09C420F7E}.Debug|Any CPU.Build.0 = Debug|Any CPU
		{BE3E952A-EE7D-434F-93D0-D4C09C420F7E}.Release|Any CPU.ActiveCfg = Release|Any CPU
		{BE3E952A-EE7D-434F-93D0-D4C09C420F7E}.Release|Any CPU.Build.0 = Release|Any CPU
	EndGlobalSection
	GlobalSection(SolutionProperties) = preSolution
		HideSolutionNode = FALSE
	EndGlobalSection
	GlobalSection(ExtensibilityGlobals) = postSolution
		SolutionGuid = {AE029494-CEDC-40FF-AA59-ED0E265314BC}
	EndGlobalSection
EndGlobal
